
Microsoft Visual Studio Solution File, Format Version 12.00
# Visual Studio 15
VisualStudioVersion = 15.0.27130.2010
MinimumVisualStudioVersion = 10.0.40219.1
Project("{FAE04EC0-301F-11D3-BF4B-00C04F79EFBC}") = "LogAn", "LogAn\LogAn.csproj", "{D1A6E484-28CA-4B91-8994-D7EEDF89F74D}"
EndProject
Project("{FAE04EC0-301F-11D3-BF4B-00C04F79EFBC}") = "LogAn.UnitTests", "LogAn.UnitTests\LogAn.UnitTests.csproj", "{D2A6A9AB-C440-495A-ACF0-39F8D2C97971}"
EndProject
Global
	GlobalSection(SolutionConfigurationPlatforms) = preSolution
		Debug|Any CPU = Debug|Any CPU
		Release|Any CPU = Release|Any CPU
	EndGlobalSection
	GlobalSection(ProjectConfigurationPlatforms) = postSolution
		{D1A6E484-28CA-4B91-8994-D7EEDF89F74D}.Debug|Any CPU.ActiveCfg = Debug|Any CPU
		{D1A6E484-28CA-4B91-8994-D7EEDF89F74D}.Debug|Any CPU.Build.0 = Debug|Any CPU
		{D1A6E484-28CA-4B91-8994-D7EEDF89F74D}.Release|Any CPU.ActiveCfg = Release|Any CPU
		{D1A6E484-28CA-4B91-8994-D7EEDF89F74D}.Release|Any CPU.Build.0 = Release|Any CPU
		{D2A6A9AB-C440-495A-ACF0-39F8D2C97971}.Debug|Any CPU.ActiveCfg = Debug|Any CPU
		{D2A6A9AB-C440-495A-ACF0-39F8D2C97971}.Debug|Any CPU.Build.0 = Debug|Any CPU
		{D2A6A9AB-C440-495A-ACF0-39F8D2C97971}.Release|Any CPU.ActiveCfg = Release|Any CPU
		{D2A6A9AB-C440-495A-ACF0-39F8D2C97971}.Release|Any CPU.Build.0 = Release|Any CPU
	EndGlobalSection
	GlobalSection(SolutionProperties) = preSolution
		HideSolutionNode = FALSE
	EndGlobalSection
	GlobalSection(ExtensibilityGlobals) = postSolution
		SolutionGuid = {37D95301-69E3-45F7-A5F2-3EEE9ECD5A6A}
	EndGlobalSection
EndGlobal
